{
  "name": "feiyiweb",
  "version": "1.0.0",
  "lockfileVersion": 3,
  "requires": true,
  "packages": {
    "": {
      "name": "feiyiweb",
      "version": "1.0.0",
      "dependencies": {
        "dotenv": "^16.0.0",
        "pinyin-pro": "^3.28.1"
      }
    },
    "node_modules/dotenv": {
      "version": "16.6.1",
      "resolved": "https://registry.npmjs.org/dotenv/-/dotenv-16.6.1.tgz",
      "integrity": "sha512-uBq4egWHTcTt33a72vpSG0z3HnPuIl6NqYcTrKEg2azoEyl2hpW0zqlxysq2pK9HlDIHyHyakeYaYnSAwd8bow==",
      "license": "BSD-2-Clause",
      "engines": {
        "node": ">=12"
      },
      "funding": {
        "url": "https://dotenvx.com"
      }
    },
    "node_modules/pinyin-pro": {
      "version": "3.28.1",
      "resolved": "https://registry.npmjs.org/pinyin-pro/-/pinyin-pro-3.28.1.tgz",
      "integrity": "sha512-oqz8ulwRgtUXRi0vbqEfGNly19zpyCxYrjhkk5TibGcgSW6eNwS5woajCXRwqURi8Ehc2yOFTiB4uNoZ+NJOnA==",
      "license": "MIT"
    }
  }
}
